// !$*UTF8*$!
{
	archiveVersion = 1;
	classes = {
	};
	objectVersion = 50;
	objects = {

/* Begin PBXBuildFile section */
		9512725D2BC58E9400E5663E /* AppDelegate.swift in Sources */ = {isa = PBXBuildFile; fileRef = 9512725C2BC58E9400E5663E /* AppDelegate.swift */; };
		9512725F2BC58E9400E5663E /* ContentView.swift in Sources */ = {isa = PBXBuildFile; fileRef = 9512725E2BC58E9400E5663E /* ContentView.swift */; };
		951272612BC58E9700E5663E /* Assets.xcassets in Resources */ = {isa = PBXBuildFile; fileRef = 951272602BC58E9700E5663E /* Assets.xcassets */; };
		951272642BC58E9700E5663E /* Preview Assets.xcassets in Resources */ = {isa = PBXBuildFile; fileRef = 951272632BC58E9700E5663E /* Preview Assets.xcassets */; };
		951272672BC58E9700E5663E /* Main.storyboard in Resources */ = {isa = PBXBuildFile; fileRef = 951272652BC58E9700E5663E /* Main.storyboard */; };
		9512727F2BC595CF00E5663E /* FeedItem.swift in Sources */ = {isa = PBXBuildFile; fileRef = 9512727E2BC595CF00E5663E /* FeedItem.swift */; };
		951272812BC595DD00E5663E /* FeedLoader.swift in Sources */ = {isa = PBXBuildFile; fileRef = 951272802BC595DD00E5663E /* FeedLoader.swift */; };
		951272832BC5992600E5663E /* RemoteFeedloaderTest.swift in Sources */ = {isa = PBXBuildFile; fileRef = 951272822BC5992600E5663E /* RemoteFeedloaderTest.swift */; };
		951272862BC5A9FE00E5663E /* RemoteFeedLoader.swift in Sources */ = {isa = PBXBuildFile; fileRef = 951272852BC5A9FE00E5663E /* RemoteFeedLoader.swift */; };
		951272882BC9AB2500E5663E /* HTTPClient.swift in Sources */ = {isa = PBXBuildFile; fileRef = 951272872BC9AB2500E5663E /* HTTPClient.swift */; };
/* End PBXBuildFile section */

/* Begin PBXContainerItemProxy section */
		9512726F2BC58E9700E5663E /* PBXContainerItemProxy */ = {
			isa = PBXContainerItemProxy;
			containerPortal = 951272512BC58E9400E5663E /* Project object */;
			proxyType = 1;
			remoteGlobalIDString = 951272582BC58E9400E5663E;
			remoteInfo = EssentialFeed;
		};
/* End PBXContainerItemProxy section */

/* Begin PBXFileReference section */
		951272592BC58E9400E5663E /* EssentialFeed.app */ = {isa = PBXFileReference; explicitFileType = wrapper.application; includeInIndex = 0; path = EssentialFeed.app; sourceTree = BUILT_PRODUCTS_DIR; };
		9512725C2BC58E9400E5663E /* AppDelegate.swift */ = {isa = PBXFileReference; lastKnownFileType = sourcecode.swift; path = AppDelegate.swift; sourceTree = "<group>"; };
		9512725E2BC58E9400E5663E /* ContentView.swift */ = {isa = PBXFileReference; lastKnownFileType = sourcecode.swift; path = ContentView.swift; sourceTree = "<group>"; };
		951272602BC58E9700E5663E /* Assets.xcassets */ = {isa = PBXFileReference; lastKnownFileType = folder.assetcatalog; path = Assets.xcassets; sourceTree = "<group>"; };
		951272632BC58E9700E5663E /* Preview Assets.xcassets */ = {isa = PBXFileReference; lastKnownFileType = folder.assetcatalog; path = "Preview Assets.xcassets"; sourceTree = "<group>"; };
		951272662BC58E9700E5663E /* Base */ = {isa = PBXFileReference; lastKnownFileType = file.storyboard; name = Base; path = Base.lproj/Main.storyboard; sourceTree = "<group>"; };
		951272682BC58E9700E5663E /* Info.plist */ = {isa = PBXFileReference; lastKnownFileType = text.plist.xml; path = Info.plist; sourceTree = "<group>"; };
		951272692BC58E9700E5663E /* EssentialFeed.entitlements */ = {isa = PBXFileReference; lastKnownFileType = text.plist.entitlements; path = EssentialFeed.entitlements; sourceTree = "<group>"; };
		9512726E2BC58E9700E5663E /* EssentialFeedTests.xctest */ = {isa = PBXFileReference; explicitFileType = wrapper.cfbundle; includeInIndex = 0; path = EssentialFeedTests.xctest; sourceTree = BUILT_PRODUCTS_DIR; };
		951272742BC58E9700E5663E /* Info.plist */ = {isa = PBXFileReference; lastKnownFileType = text.plist.xml; path = Info.plist; sourceTree = "<group>"; };
		9512727E2BC595CF00E5663E /* FeedItem.swift */ = {isa = PBXFileReference; lastKnownFileType = sourcecode.swift; path = FeedItem.swift; sourceTree = "<group>"; };
		951272802BC595DD00E5663E /* FeedLoader.swift */ = {isa = PBXFileReference; lastKnownFileType = sourcecode.swift; path = FeedLoader.swift; sourceTree = "<group>"; };
		951272822BC5992600E5663E /* RemoteFeedloaderTest.swift */ = {isa = PBXFileReference; lastKnownFileType = sourcecode.swift; path = RemoteFeedloaderTest.swift; sourceTree = "<group>"; };
		951272852BC5A9FE00E5663E /* RemoteFeedLoader.swift */ = {isa = PBXFileReference; lastKnownFileType = sourcecode.swift; path = RemoteFeedLoader.swift; sourceTree = "<group>"; };
		951272872BC9AB2500E5663E /* HTTPClient.swift */ = {isa = PBXFileReference; lastKnownFileType = sourcecode.swift; path = HTTPClient.swift; sourceTree = "<group>"; };
/* End PBXFileReference section */

/* Begin PBXFrameworksBuildPhase section */
		951272562BC58E9400E5663E /* Frameworks */ = {
			isa = PBXFrameworksBuildPhase;
			buildActionMask = 2147483647;
			files = (
			);
			runOnlyForDeploymentPostprocessing = 0;
		};
		9512726B2BC58E9700E5663E /* Frameworks */ = {
			isa = PBXFrameworksBuildPhase;
			buildActionMask = 2147483647;
			files = (
			);
			runOnlyForDeploymentPostprocessing = 0;
		};
/* End PBXFrameworksBuildPhase section */

/* Begin PBXGroup section */
		951272502BC58E9400E5663E = {
			isa = PBXGroup;
			children = (
				9512725B2BC58E9400E5663E /* EssentialFeed */,
				951272712BC58E9700E5663E /* EssentialFeedTests */,
				9512725A2BC58E9400E5663E /* Products */,
			);
			sourceTree = "<group>";
		};
		9512725A2BC58E9400E5663E /* Products */ = {
			isa = PBXGroup;
			children = (
				951272592BC58E9400E5663E /* EssentialFeed.app */,
				9512726E2BC58E9700E5663E /* EssentialFeedTests.xctest */,
			);
			name = Products;
			sourceTree = "<group>";
		};
		9512725B2BC58E9400E5663E /* EssentialFeed */ = {
			isa = PBXGroup;
			children = (
				951272842BC5A9E200E5663E /* FeedAPI */,
				9512727D2BC5958600E5663E /* Feed Feature */,
				9512725C2BC58E9400E5663E /* AppDelegate.swift */,
				9512725E2BC58E9400E5663E /* ContentView.swift */,
				951272602BC58E9700E5663E /* Assets.xcassets */,
				951272652BC58E9700E5663E /* Main.storyboard */,
				951272682BC58E9700E5663E /* Info.plist */,
				951272692BC58E9700E5663E /* EssentialFeed.entitlements */,
				951272622BC58E9700E5663E /* Preview Content */,
			);
			path = EssentialFeed;
			sourceTree = "<group>";
		};
		951272622BC58E9700E5663E /* Preview Content */ = {
			isa = PBXGroup;
			children = (
				951272632BC58E9700E5663E /* Preview Assets.xcassets */,
			);
			path = "Preview Content";
			sourceTree = "<group>";
		};
		951272712BC58E9700E5663E /* EssentialFeedTests */ = {
			isa = PBXGroup;
			children = (
				951272742BC58E9700E5663E /* Info.plist */,
				951272822BC5992600E5663E /* RemoteFeedloaderTest.swift */,
			);
			path = EssentialFeedTests;
			sourceTree = "<group>";
		};
		9512727D2BC5958600E5663E /* Feed Feature */ = {
			isa = PBXGroup;
			children = (
				9512727E2BC595CF00E5663E /* FeedItem.swift */,
				951272802BC595DD00E5663E /* FeedLoader.swift */,
			);
			path = "Feed Feature";
			sourceTree = "<group>";
		};
		951272842BC5A9E200E5663E /* FeedAPI */ = {
			isa = PBXGroup;
			children = (
				951272852BC5A9FE00E5663E /* RemoteFeedLoader.swift */,
				951272872BC9AB2500E5663E /* HTTPClient.swift */,
			);
			path = FeedAPI;
			sourceTree = "<group>";
		};
/* End PBXGroup section */

/* Begin PBXNativeTarget section */
		951272582BC58E9400E5663E /* EssentialFeed */ = {
			isa = PBXNativeTarget;
			buildConfigurationList = 951272772BC58E9700E5663E /* Build configuration list for PBXNativeTarget "EssentialFeed" */;
			buildPhases = (
				951272552BC58E9400E5663E /* Sources */,
				951272562BC58E9400E5663E /* Frameworks */,
				951272572BC58E9400E5663E /* Resources */,
			);
			buildRules = (
			);
			dependencies = (
			);
			name = EssentialFeed;
			productName = EssentialFeed;
			productReference = 951272592BC58E9400E5663E /* EssentialFeed.app */;
			productType = "com.apple.product-type.application";
		};
		9512726D2BC58E9700E5663E /* EssentialFeedTests */ = {
			isa = PBXNativeTarget;
			buildConfigurationList = 9512727A2BC58E9700E5663E /* Build configuration list for PBXNativeTarget "EssentialFeedTests" */;
			buildPhases = (
				9512726A2BC58E9700E5663E /* Sources */,
				9512726B2BC58E9700E5663E /* Frameworks */,
				9512726C2BC58E9700E5663E /* Resources */,
			);
			buildRules = (
			);
			dependencies = (
				951272702BC58E9700E5663E /* PBXTargetDependency */,
			);
			name = EssentialFeedTests;
			productName = EssentialFeedTests;
			productReference = 9512726E2BC58E9700E5663E /* EssentialFeedTests.xctest */;
			productType = "com.apple.product-type.bundle.unit-test";
		};
/* End PBXNativeTarget section */

/* Begin PBXProject section */
		951272512BC58E9400E5663E /* Project object */ = {
			isa = PBXProject;
			attributes = {
				LastSwiftUpdateCheck = 1130;
				LastUpgradeCheck = 1130;
				ORGANIZATIONNAME = Sumit;
				TargetAttributes = {
					951272582BC58E9400E5663E = {
						CreatedOnToolsVersion = 11.3.1;
					};
					9512726D2BC58E9700E5663E = {
						CreatedOnToolsVersion = 11.3.1;
						TestTargetID = 951272582BC58E9400E5663E;
					};
				};
			};
			buildConfigurationList = 951272542BC58E9400E5663E /* Build configuration list for PBXProject "EssentialFeed" */;
			compatibilityVersion = "Xcode 9.3";
			developmentRegion = en;
			hasScannedForEncodings = 0;
			knownRegions = (
				en,
				Base,
			);
			mainGroup = 951272502BC58E9400E5663E;
			productRefGroup = 9512725A2BC58E9400E5663E /* Products */;
			projectDirPath = "";
			projectRoot = "";
			targets = (
				951272582BC58E9400E5663E /* EssentialFeed */,
				9512726D2BC58E9700E5663E /* EssentialFeedTests */,
			);
		};
/* End PBXProject section */

/* Begin PBXResourcesBuildPhase section */
		951272572BC58E9400E5663E /* Resources */ = {
			isa = PBXResourcesBuildPhase;
			buildActionMask = 2147483647;
			files = (
				951272672BC58E9700E5663E /* Main.storyboard in Resources */,
				951272642BC58E9700E5663E /* Preview Assets.xcassets in Resources */,
				951272612BC58E9700E5663E /* Assets.xcassets in Resources */,
			);
			runOnlyForDeploymentPostprocessing = 0;
		};
		9512726C2BC58E9700E5663E /* Resources */ = {
			isa = PBXResourcesBuildPhase;
			buildActionMask = 2147483647;
			files = (
			);
			runOnlyForDeploymentPostprocessing = 0;
		};
/* End PBXResourcesBuildPhase section */

/* Begin PBXSourcesBuildPhase section */
		951272552BC58E9400E5663E /* Sources */ = {
			isa = PBXSourcesBuildPhase;
			buildActionMask = 2147483647;
			files = (
				9512725F2BC58E9400E5663E /* ContentView.swift in Sources */,
				9512725D2BC58E9400E5663E /* AppDelegate.swift in Sources */,
				951272882BC9AB2500E5663E /* HTTPClient.swift in Sources */,
				951272812BC595DD00E5663E /* FeedLoader.swift in Sources */,
				951272862BC5A9FE00E5663E /* RemoteFeedLoader.swift in Sources */,
				9512727F2BC595CF00E5663E /* FeedItem.swift in Sources */,
			);
			runOnlyForDeploymentPostprocessing = 0;
		};
		9512726A2BC58E9700E5663E /* Sources */ = {
			isa = PBXSourcesBuildPhase;
			buildActionMask = 2147483647;
			files = (
				951272832BC5992600E5663E /* RemoteFeedloaderTest.swift in Sources */,
			);
			runOnlyForDeploymentPostprocessing = 0;
		};
/* End PBXSourcesBuildPhase section */

/* Begin PBXTargetDependency section */
		951272702BC58E9700E5663E /* PBXTargetDependency */ = {
			isa = PBXTargetDependency;
			target = 951272582BC58E9400E5663E /* EssentialFeed */;
			targetProxy = 9512726F2BC58E9700E5663E /* PBXContainerItemProxy */;
		};
/* End PBXTargetDependency section */

/* Begin PBXVariantGroup section */
		951272652BC58E9700E5663E /* Main.storyboard */ = {
			isa = PBXVariantGroup;
			children = (
				951272662BC58E9700E5663E /* Base */,
			);
			name = Main.storyboard;
			sourceTree = "<group>";
		};
/* End PBXVariantGroup section */

/* Begin XCBuildConfiguration section */
		951272752BC58E9700E5663E /* Debug */ = {
			isa = XCBuildConfiguration;
			buildSettings = {
				ALWAYS_SEARCH_USER_PATHS = NO;
				CLANG_ANALYZER_NONNULL = YES;
				CLANG_ANALYZER_NUMBER_OBJECT_CONVERSION = YES_AGGRESSIVE;
				CLANG_CXX_LANGUAGE_STANDARD = "gnu++14";
				CLANG_CXX_LIBRARY = "libc++";
				CLANG_ENABLE_MODULES = YES;
				CLANG_ENABLE_OBJC_ARC = YES;
				CLANG_ENABLE_OBJC_WEAK = YES;
				CLANG_WARN_BLOCK_CAPTURE_AUTORELEASING = YES;
				CLANG_WARN_BOOL_CONVERSION = YES;
				CLANG_WARN_COMMA = YES;
				CLANG_WARN_CONSTANT_CONVERSION = YES;
				CLANG_WARN_DEPRECATED_OBJC_IMPLEMENTATIONS = YES;
				CLANG_WARN_DIRECT_OBJC_ISA_USAGE = YES_ERROR;
				CLANG_WARN_DOCUMENTATION_COMMENTS = YES;
				CLANG_WARN_EMPTY_BODY = YES;
				CLANG_WARN_ENUM_CONVERSION = YES;
				CLANG_WARN_INFINITE_RECURSION = YES;
				CLANG_WARN_INT_CONVERSION = YES;
				CLANG_WARN_NON_LITERAL_NULL_CONVERSION = YES;
				CLANG_WARN_OBJC_IMPLICIT_RETAIN_SELF = YES;
				CLANG_WARN_OBJC_LITERAL_CONVERSION = YES;
				CLANG_WARN_OBJC_ROOT_CLASS = YES_ERROR;
				CLANG_WARN_RANGE_LOOP_ANALYSIS = YES;
				CLANG_WARN_STRICT_PROTOTYPES = YES;
				CLANG_WARN_SUSPICIOUS_MOVE = YES;
				CLANG_WARN_UNGUARDED_AVAILABILITY = YES_AGGRESSIVE;
				CLANG_WARN_UNREACHABLE_CODE = YES;
				CLANG_WARN__DUPLICATE_METHOD_MATCH = YES;
				COPY_PHASE_STRIP = NO;
				DEBUG_INFORMATION_FORMAT = dwarf;
				ENABLE_STRICT_OBJC_MSGSEND = YES;
				ENABLE_TESTABILITY = YES;
				GCC_C_LANGUAGE_STANDARD = gnu11;
				GCC_DYNAMIC_NO_PIC = NO;
				GCC_NO_COMMON_BLOCKS = YES;
				GCC_OPTIMIZATION_LEVEL = 0;
				GCC_PREPROCESSOR_DEFINITIONS = (
					"DEBUG=1",
					"$(inherited)",
				);
				GCC_WARN_64_TO_32_BIT_CONVERSION = YES;
				GCC_WARN_ABOUT_RETURN_TYPE = YES_ERROR;
				GCC_WARN_UNDECLARED_SELECTOR = YES;
				GCC_WARN_UNINITIALIZED_AUTOS = YES_AGGRESSIVE;
				GCC_WARN_UNUSED_FUNCTION = YES;
				GCC_WARN_UNUSED_VARIABLE = YES;
				MACOSX_DEPLOYMENT_TARGET = 10.15;
				MTL_ENABLE_DEBUG_INFO = INCLUDE_SOURCE;
				MTL_FAST_MATH = YES;
				ONLY_ACTIVE_ARCH = YES;
				SDKROOT = macosx;
				SWIFT_ACTIVE_COMPILATION_CONDITIONS = DEBUG;
				SWIFT_OPTIMIZATION_LEVEL = "-Onone";
			};
			name = Debug;
		};
		951272762BC58E9700E5663E /* Release */ = {
			isa = XCBuildConfiguration;
			buildSettings = {
				ALWAYS_SEARCH_USER_PATHS = NO;
				CLANG_ANALYZER_NONNULL = YES;
				CLANG_ANALYZER_NUMBER_OBJECT_CONVERSION = YES_AGGRESSIVE;
				CLANG_CXX_LANGUAGE_STANDARD = "gnu++14";
				CLANG_CXX_LIBRARY = "libc++";
				CLANG_ENABLE_MODULES = YES;
				CLANG_ENABLE_OBJC_ARC = YES;
				CLANG_ENABLE_OBJC_WEAK = YES;
				CLANG_WARN_BLOCK_CAPTURE_AUTORELEASING = YES;
				CLANG_WARN_BOOL_CONVERSION = YES;
				CLANG_WARN_COMMA = YES;
				CLANG_WARN_CONSTANT_CONVERSION = YES;
				CLANG_WARN_DEPRECATED_OBJC_IMPLEMENTATIONS = YES;
				CLANG_WARN_DIRECT_OBJC_ISA_USAGE = YES_ERROR;
				CLANG_WARN_DOCUMENTATION_COMMENTS = YES;
				CLANG_WARN_EMPTY_BODY = YES;
				CLANG_WARN_ENUM_CONVERSION = YES;
				CLANG_WARN_INFINITE_RECURSION = YES;
				CLANG_WARN_INT_CONVERSION = YES;
				CLANG_WARN_NON_LITERAL_NULL_CONVERSION = YES;
				CLANG_WARN_OBJC_IMPLICIT_RETAIN_SELF = YES;
				CLANG_WARN_OBJC_LITERAL_CONVERSION = YES;
				CLANG_WARN_OBJC_ROOT_CLASS = YES_ERROR;
				CLANG_WARN_RANGE_LOOP_ANALYSIS = YES;
				CLANG_WARN_STRICT_PROTOTYPES = YES;
				CLANG_WARN_SUSPICIOUS_MOVE = YES;
				CLANG_WARN_UNGUARDED_AVAILABILITY = YES_AGGRESSIVE;
				CLANG_WARN_UNREACHABLE_CODE = YES;
				CLANG_WARN__DUPLICATE_METHOD_MATCH = YES;
				COPY_PHASE_STRIP = NO;
				DEBUG_INFORMATION_FORMAT = "dwarf-with-dsym";
				ENABLE_NS_ASSERTIONS = NO;
				ENABLE_STRICT_OBJC_MSGSEND = YES;
				GCC_C_LANGUAGE_STANDARD = gnu11;
				GCC_NO_COMMON_BLOCKS = YES;
				GCC_WARN_64_TO_32_BIT_CONVERSION = YES;
				GCC_WARN_ABOUT_RETURN_TYPE = YES_ERROR;
				GCC_WARN_UNDECLARED_SELECTOR = YES;
				GCC_WARN_UNINITIALIZED_AUTOS = YES_AGGRESSIVE;
				GCC_WARN_UNUSED_FUNCTION = YES;
				GCC_WARN_UNUSED_VARIABLE = YES;
				MACOSX_DEPLOYMENT_TARGET = 10.15;
				MTL_ENABLE_DEBUG_INFO = NO;
				MTL_FAST_MATH = YES;
				SDKROOT = macosx;
				SWIFT_COMPILATION_MODE = wholemodule;
				SWIFT_OPTIMIZATION_LEVEL = "-O";
			};
			name = Release;
		};
		951272782BC58E9700E5663E /* Debug */ = {
			isa = XCBuildConfiguration;
			buildSettings = {
				ASSETCATALOG_COMPILER_APPICON_NAME = AppIcon;
				CODE_SIGN_ENTITLEMENTS = EssentialFeed/EssentialFeed.entitlements;
				CODE_SIGN_STYLE = Automatic;
				COMBINE_HIDPI_IMAGES = YES;
				DEVELOPMENT_ASSET_PATHS = "\"EssentialFeed/Preview Content\"";
				ENABLE_PREVIEWS = YES;
				INFOPLIST_FILE = EssentialFeed/Info.plist;
				LD_RUNPATH_SEARCH_PATHS = (
					"$(inherited)",
					"@executable_path/../Frameworks",
				);
				MACOSX_DEPLOYMENT_TARGET = 10.15;
				PRODUCT_BUNDLE_IDENTIFIER = com.test.EssentialFeed;
				PRODUCT_NAME = "$(TARGET_NAME)";
				SWIFT_VERSION = 5.0;
			};
			name = Debug;
		};
		951272792BC58E9700E5663E /* Release */ = {
			isa = XCBuildConfiguration;
			buildSettings = {
				ASSETCATALOG_COMPILER_APPICON_NAME = AppIcon;
				CODE_SIGN_ENTITLEMENTS = EssentialFeed/EssentialFeed.entitlements;
				CODE_SIGN_STYLE = Automatic;
				COMBINE_HIDPI_IMAGES = YES;
				DEVELOPMENT_ASSET_PATHS = "\"EssentialFeed/Preview Content\"";
				ENABLE_PREVIEWS = YES;
				INFOPLIST_FILE = EssentialFeed/Info.plist;
				LD_RUNPATH_SEARCH_PATHS = (
					"$(inherited)",
					"@executable_path/../Frameworks",
				);
				MACOSX_DEPLOYMENT_TARGET = 10.15;
				PRODUCT_BUNDLE_IDENTIFIER = com.test.EssentialFeed;
				PRODUCT_NAME = "$(TARGET_NAME)";
				SWIFT_VERSION = 5.0;
			};
			name = Release;
		};
		9512727B2BC58E9700E5663E /* Debug */ = {
			isa = XCBuildConfiguration;
			buildSettings = {
				ALWAYS_EMBED_SWIFT_STANDARD_LIBRARIES = YES;
				BUNDLE_LOADER = "$(TEST_HOST)";
				CODE_SIGN_STYLE = Automatic;
				COMBINE_HIDPI_IMAGES = YES;
				INFOPLIST_FILE = EssentialFeedTests/Info.plist;
				LD_RUNPATH_SEARCH_PATHS = (
					"$(inherited)",
					"@executable_path/../Frameworks",
					"@loader_path/../Frameworks",
				);
				MACOSX_DEPLOYMENT_TARGET = 10.15;
				PRODUCT_BUNDLE_IDENTIFIER = com.test.EssentialFeedTests;
				PRODUCT_NAME = "$(TARGET_NAME)";
				SWIFT_VERSION = 5.0;
				TEST_HOST = "$(BUILT_PRODUCTS_DIR)/EssentialFeed.app/Contents/MacOS/EssentialFeed";
			};
			name = Debug;
		};
		9512727C2BC58E9700E5663E /* Release */ = {
			isa = XCBuildConfiguration;
			buildSettings = {
				ALWAYS_EMBED_SWIFT_STANDARD_LIBRARIES = YES;
				BUNDLE_LOADER = "$(TEST_HOST)";
				CODE_SIGN_STYLE = Automatic;
				COMBINE_HIDPI_IMAGES = YES;
				INFOPLIST_FILE = EssentialFeedTests/Info.plist;
				LD_RUNPATH_SEARCH_PATHS = (
					"$(inherited)",
					"@executable_path/../Frameworks",
					"@loader_path/../Frameworks",
				);
				MACOSX_DEPLOYMENT_TARGET = 10.15;
				PRODUCT_BUNDLE_IDENTIFIER = com.test.EssentialFeedTests;
				PRODUCT_NAME = "$(TARGET_NAME)";
				SWIFT_VERSION = 5.0;
				TEST_HOST = "$(BUILT_PRODUCTS_DIR)/EssentialFeed.app/Contents/MacOS/EssentialFeed";
			};
			name = Release;
		};
/* End XCBuildConfiguration section */

/* Begin XCConfigurationList section */
		951272542BC58E9400E5663E /* Build configuration list for PBXProject "EssentialFeed" */ = {
			isa = XCConfigurationList;
			buildConfigurations = (
				951272752BC58E9700E5663E /* Debug */,
				951272762BC58E9700E5663E /* Release */,
			);
			defaultConfigurationIsVisible = 0;
			defaultConfigurationName = Release;
		};
		951272772BC58E9700E5663E /* Build configuration list for PBXNativeTarget "EssentialFeed" */ = {
			isa = XCConfigurationList;
			buildConfigurations = (
				951272782BC58E9700E5663E /* Debug */,
				951272792BC58E9700E5663E /* Release */,
			);
			defaultConfigurationIsVisible = 0;
			defaultConfigurationName = Release;
		};
		9512727A2BC58E9700E5663E /* Build configuration list for PBXNativeTarget "EssentialFeedTests" */ = {
			isa = XCConfigurationList;
			buildConfigurations = (
				9512727B2BC58E9700E5663E /* Debug */,
				9512727C2BC58E9700E5663E /* Release */,
			);
			defaultConfigurationIsVisible = 0;
			defaultConfigurationName = Release;
		};
/* End XCConfigurationList section */
	};
	rootObject = 951272512BC58E9400E5663E /* Project object */;
}
